// !$*UTF8*$!
{
	archiveVersion = 1;
	classes = {
	};
	objectVersion = 56;
	objects = {

/* Begin PBXBuildFile section */
		5F15891C29A6ABAF006540CC /* AppDelegate.swift in Sources */ = {isa = PBXBuildFile; fileRef = 5F15891B29A6ABAF006540CC /* AppDelegate.swift */; };
		5F15891E29A6ABAF006540CC /* SceneDelegate.swift in Sources */ = {isa = PBXBuildFile; fileRef = 5F15891D29A6ABAF006540CC /* SceneDelegate.swift */; };
		5F15892029A6ABAF006540CC /* ViewController.swift in Sources */ = {isa = PBXBuildFile; fileRef = 5F15891F29A6ABAF006540CC /* ViewController.swift */; };
		5F15892329A6ABAF006540CC /* Main.storyboard in Resources */ = {isa = PBXBuildFile; fileRef = 5F15892129A6ABAF006540CC /* Main.storyboard */; };
		5F15892529A6ABB1006540CC /* Assets.xcassets in Resources */ = {isa = PBXBuildFile; fileRef = 5F15892429A6ABB1006540CC /* Assets.xcassets */; };
		5F15892829A6ABB1006540CC /* LaunchScreen.storyboard in Resources */ = {isa = PBXBuildFile; fileRef = 5F15892629A6ABB1006540CC /* LaunchScreen.storyboard */; };
		5F15893129A6ADF8006540CC /* TableViewController.swift in Sources */ = {isa = PBXBuildFile; fileRef = 5F15893029A6ADF8006540CC /* TableViewController.swift */; };
		5F15893529A6AEF9006540CC /* ListCheckBox.swift in Sources */ = {isa = PBXBuildFile; fileRef = 5F15893429A6AEF9006540CC /* ListCheckBox.swift */; };
/* End PBXBuildFile section */

/* Begin PBXFileReference section */
		5F15891829A6ABAF006540CC /* TodoListCleanSwift.app */ = {isa = PBXFileReference; explicitFileType = wrapper.application; includeInIndex = 0; path = TodoListCleanSwift.app; sourceTree = BUILT_PRODUCTS_DIR; };
		5F15891B29A6ABAF006540CC /* AppDelegate.swift */ = {isa = PBXFileReference; lastKnownFileType = sourcecode.swift; path = AppDelegate.swift; sourceTree = "<group>"; };
		5F15891D29A6ABAF006540CC /* SceneDelegate.swift */ = {isa = PBXFileReference; lastKnownFileType = sourcecode.swift; path = SceneDelegate.swift; sourceTree = "<group>"; };
		5F15891F29A6ABAF006540CC /* ViewController.swift */ = {isa = PBXFileReference; lastKnownFileType = sourcecode.swift; path = ViewController.swift; sourceTree = "<group>"; };
		5F15892229A6ABAF006540CC /* Base */ = {isa = PBXFileReference; lastKnownFileType = file.storyboard; name = Base; path = Base.lproj/Main.storyboard; sourceTree = "<group>"; };
		5F15892429A6ABB1006540CC /* Assets.xcassets */ = {isa = PBXFileReference; lastKnownFileType = folder.assetcatalog; path = Assets.xcassets; sourceTree = "<group>"; };
		5F15892729A6ABB1006540CC /* Base */ = {isa = PBXFileReference; lastKnownFileType = file.storyboard; name = Base; path = Base.lproj/LaunchScreen.storyboard; sourceTree = "<group>"; };
		5F15892929A6ABB1006540CC /* Info.plist */ = {isa = PBXFileReference; lastKnownFileType = text.plist.xml; path = Info.plist; sourceTree = "<group>"; };
		5F15893029A6ADF8006540CC /* TableViewController.swift */ = {isa = PBXFileReference; lastKnownFileType = sourcecode.swift; path = TableViewController.swift; sourceTree = "<group>"; };
		5F15893429A6AEF9006540CC /* ListCheckBox.swift */ = {isa = PBXFileReference; lastKnownFileType = sourcecode.swift; path = ListCheckBox.swift; sourceTree = "<group>"; };
/* End PBXFileReference section */

/* Begin PBXFrameworksBuildPhase section */
		5F15891529A6ABAF006540CC /* Frameworks */ = {
			isa = PBXFrameworksBuildPhase;
			buildActionMask = 2147483647;
			files = (
			);
			runOnlyForDeploymentPostprocessing = 0;
		};
/* End PBXFrameworksBuildPhase section */

/* Begin PBXGroup section */
		5F15890F29A6ABAF006540CC = {
			isa = PBXGroup;
			children = (
				5F15891A29A6ABAF006540CC /* TodoListCleanSwift */,
				5F15891929A6ABAF006540CC /* Products */,
			);
			sourceTree = "<group>";
		};
		5F15891929A6ABAF006540CC /* Products */ = {
			isa = PBXGroup;
			children = (
				5F15891829A6ABAF006540CC /* TodoListCleanSwift.app */,
			);
			name = Products;
			sourceTree = "<group>";
		};
		5F15891A29A6ABAF006540CC /* TodoListCleanSwift */ = {
			isa = PBXGroup;
			children = (
				5F15891B29A6ABAF006540CC /* AppDelegate.swift */,
				5F15891D29A6ABAF006540CC /* SceneDelegate.swift */,
				5F15892F29A6ADE5006540CC /* Screen */,
				5F15892129A6ABAF006540CC /* Main.storyboard */,
				5F15892429A6ABB1006540CC /* Assets.xcassets */,
				5F15892629A6ABB1006540CC /* LaunchScreen.storyboard */,
				5F15892929A6ABB1006540CC /* Info.plist */,
			);
			path = TodoListCleanSwift;
			sourceTree = "<group>";
		};
		5F15892F29A6ADE5006540CC /* Screen */ = {
			isa = PBXGroup;
			children = (
				5F15893329A6AEF1006540CC /* New Group1 */,
				5F15893229A6AEED006540CC /* New Group */,
			);
			path = Screen;
			sourceTree = "<group>";
		};
		5F15893229A6AEED006540CC /* New Group */ = {
			isa = PBXGroup;
			children = (
				5F15893029A6ADF8006540CC /* TableViewController.swift */,
				5F15893429A6AEF9006540CC /* ListCheckBox.swift */,
			);
			path = "New Group";
			sourceTree = "<group>";
		};
		5F15893329A6AEF1006540CC /* New Group1 */ = {
			isa = PBXGroup;
			children = (
				5F15891F29A6ABAF006540CC /* ViewController.swift */,
			);
			path = "New Group1";
			sourceTree = "<group>";
		};
/* End PBXGroup section */

/* Begin PBXNativeTarget section */
		5F15891729A6ABAF006540CC /* TodoListCleanSwift */ = {
			isa = PBXNativeTarget;
			buildConfigurationList = 5F15892C29A6ABB1006540CC /* Build configuration list for PBXNativeTarget "TodoListCleanSwift" */;
			buildPhases = (
				5F15891429A6ABAF006540CC /* Sources */,
				5F15891529A6ABAF006540CC /* Frameworks */,
				5F15891629A6ABAF006540CC /* Resources */,
			);
			buildRules = (
			);
			dependencies = (
			);
			name = TodoListCleanSwift;
			productName = TodoListCleanSwift;
			productReference = 5F15891829A6ABAF006540CC /* TodoListCleanSwift.app */;
			productType = "com.apple.product-type.application";
		};
/* End PBXNativeTarget section */

/* Begin PBXProject section */
		5F15891029A6ABAF006540CC /* Project object */ = {
			isa = PBXProject;
			attributes = {
				BuildIndependentTargetsInParallel = 1;
				LastSwiftUpdateCheck = 1420;
				LastUpgradeCheck = 1420;
				TargetAttributes = {
					5F15891729A6ABAF006540CC = {
						CreatedOnToolsVersion = 14.2;
					};
				};
			};
			buildConfigurationList = 5F15891329A6ABAF006540CC /* Build configuration list for PBXProject "TodoListCleanSwift" */;
			compatibilityVersion = "Xcode 14.0";
			developmentRegion = en;
			hasScannedForEncodings = 0;
			knownRegions = (
				en,
				Base,
			);
			mainGroup = 5F15890F29A6ABAF006540CC;
			productRefGroup = 5F15891929A6ABAF006540CC /* Products */;
			projectDirPath = "";
			projectRoot = "";
			targets = (
				5F15891729A6ABAF006540CC /* TodoListCleanSwift */,
			);
		};
/* End PBXProject section */

/* Begin PBXResourcesBuildPhase section */
		5F15891629A6ABAF006540CC /* Resources */ = {
			isa = PBXResourcesBuildPhase;
			buildActionMask = 2147483647;
			files = (
				5F15892829A6ABB1006540CC /* LaunchScreen.storyboard in Resources */,
				5F15892529A6ABB1006540CC /* Assets.xcassets in Resources */,
				5F15892329A6ABAF006540CC /* Main.storyboard in Resources */,
			);
			runOnlyForDeploymentPostprocessing = 0;
		};
/* End PBXResourcesBuildPhase section */

/* Begin PBXSourcesBuildPhase section */
		5F15891429A6ABAF006540CC /* Sources */ = {
			isa = PBXSourcesBuildPhase;
			buildActionMask = 2147483647;
			files = (
				5F15893529A6AEF9006540CC /* ListCheckBox.swift in Sources */,
				5F15892029A6ABAF006540CC /* ViewController.swift in Sources */,
				5F15891C29A6ABAF006540CC /* AppDelegate.swift in Sources */,
				5F15891E29A6ABAF006540CC /* SceneDelegate.swift in Sources */,
				5F15893129A6ADF8006540CC /* TableViewController.swift in Sources */,
			);
			runOnlyForDeploymentPostprocessing = 0;
		};
/* End PBXSourcesBuildPhase section */

/* Begin PBXVariantGroup section */
		5F15892129A6ABAF006540CC /* Main.storyboard */ = {
			isa = PBXVariantGroup;
			children = (
				5F15892229A6ABAF006540CC /* Base */,
			);
			name = Main.storyboard;
			sourceTree = "<group>";
		};
		5F15892629A6ABB1006540CC /* LaunchScreen.storyboard */ = {
			isa = PBXVariantGroup;
			children = (
				5F15892729A6ABB1006540CC /* Base */,
			);
			name = LaunchScreen.storyboard;
			sourceTree = "<group>";
		};
/* End PBXVariantGroup section */

/* Begin XCBuildConfiguration section */
		5F15892A29A6ABB1006540CC /* Debug */ = {
			isa = XCBuildConfiguration;
			buildSettings = {
				ALWAYS_SEARCH_USER_PATHS = NO;
				CLANG_ANALYZER_NONNULL = YES;
				CLANG_ANALYZER_NUMBER_OBJECT_CONVERSION = YES_AGGRESSIVE;
				CLANG_CXX_LANGUAGE_STANDARD = "gnu++20";
				CLANG_ENABLE_MODULES = YES;
				CLANG_ENABLE_OBJC_ARC = YES;
				CLANG_ENABLE_OBJC_WEAK = YES;
				CLANG_WARN_BLOCK_CAPTURE_AUTORELEASING = YES;
				CLANG_WARN_BOOL_CONVERSION = YES;
				CLANG_WARN_COMMA = YES;
				CLANG_WARN_CONSTANT_CONVERSION = YES;
				CLANG_WARN_DEPRECATED_OBJC_IMPLEMENTATIONS = YES;
				CLANG_WARN_DIRECT_OBJC_ISA_USAGE = YES_ERROR;
				CLANG_WARN_DOCUMENTATION_COMMENTS = YES;
				CLANG_WARN_EMPTY_BODY = YES;
				CLANG_WARN_ENUM_CONVERSION = YES;
				CLANG_WARN_INFINITE_RECURSION = YES;
				CLANG_WARN_INT_CONVERSION = YES;
				CLANG_WARN_NON_LITERAL_NULL_CONVERSION = YES;
				CLANG_WARN_OBJC_IMPLICIT_RETAIN_SELF = YES;
				CLANG_WARN_OBJC_LITERAL_CONVERSION = YES;
				CLANG_WARN_OBJC_ROOT_CLASS = YES_ERROR;
				CLANG_WARN_QUOTED_INCLUDE_IN_FRAMEWORK_HEADER = YES;
				CLANG_WARN_RANGE_LOOP_ANALYSIS = YES;
				CLANG_WARN_STRICT_PROTOTYPES = YES;
				CLANG_WARN_SUSPICIOUS_MOVE = YES;
				CLANG_WARN_UNGUARDED_AVAILABILITY = YES_AGGRESSIVE;
				CLANG_WARN_UNREACHABLE_CODE = YES;
				CLANG_WARN__DUPLICATE_METHOD_MATCH = YES;
				COPY_PHASE_STRIP = NO;
				DEBUG_INFORMATION_FORMAT = dwarf;
				ENABLE_STRICT_OBJC_MSGSEND = YES;
				ENABLE_TESTABILITY = YES;
				GCC_C_LANGUAGE_STANDARD = gnu11;
				GCC_DYNAMIC_NO_PIC = NO;
				GCC_NO_COMMON_BLOCKS = YES;
				GCC_OPTIMIZATION_LEVEL = 0;
				GCC_PREPROCESSOR_DEFINITIONS = (
					"DEBUG=1",
					"$(inherited)",
				);
				GCC_WARN_64_TO_32_BIT_CONVERSION = YES;
				GCC_WARN_ABOUT_RETURN_TYPE = YES_ERROR;
				GCC_WARN_UNDECLARED_SELECTOR = YES;
				GCC_WARN_UNINITIALIZED_AUTOS = YES_AGGRESSIVE;
				GCC_WARN_UNUSED_FUNCTION = YES;
				GCC_WARN_UNUSED_VARIABLE = YES;
				IPHONEOS_DEPLOYMENT_TARGET = 16.2;
				MTL_ENABLE_DEBUG_INFO = INCLUDE_SOURCE;
				MTL_FAST_MATH = YES;
				ONLY_ACTIVE_ARCH = YES;
				SDKROOT = iphoneos;
				SWIFT_ACTIVE_COMPILATION_CONDITIONS = DEBUG;
				SWIFT_OPTIMIZATION_LEVEL = "-Onone";
			};
			name = Debug;
		};
		5F15892B29A6ABB1006540CC /* Release */ = {
			isa = XCBuildConfiguration;
			buildSettings = {
				ALWAYS_SEARCH_USER_PATHS = NO;
				CLANG_ANALYZER_NONNULL = YES;
				CLANG_ANALYZER_NUMBER_OBJECT_CONVERSION = YES_AGGRESSIVE;
				CLANG_CXX_LANGUAGE_STANDARD = "gnu++20";
				CLANG_ENABLE_MODULES = YES;
				CLANG_ENABLE_OBJC_ARC = YES;
				CLANG_ENABLE_OBJC_WEAK = YES;
				CLANG_WARN_BLOCK_CAPTURE_AUTORELEASING = YES;
				CLANG_WARN_BOOL_CONVERSION = YES;
				CLANG_WARN_COMMA = YES;
				CLANG_WARN_CONSTANT_CONVERSION = YES;
				CLANG_WARN_DEPRECATED_OBJC_IMPLEMENTATIONS = YES;
				CLANG_WARN_DIRECT_OBJC_ISA_USAGE = YES_ERROR;
				CLANG_WARN_DOCUMENTATION_COMMENTS = YES;
				CLANG_WARN_EMPTY_BODY = YES;
				CLANG_WARN_ENUM_CONVERSION = YES;
				CLANG_WARN_INFINITE_RECURSION = YES;
				CLANG_WARN_INT_CONVERSION = YES;
				CLANG_WARN_NON_LITERAL_NULL_CONVERSION = YES;
				CLANG_WARN_OBJC_IMPLICIT_RETAIN_SELF = YES;
				CLANG_WARN_OBJC_LITERAL_CONVERSION = YES;
				CLANG_WARN_OBJC_ROOT_CLASS = YES_ERROR;
				CLANG_WARN_QUOTED_INCLUDE_IN_FRAMEWORK_HEADER = YES;
				CLANG_WARN_RANGE_LOOP_ANALYSIS = YES;
				CLANG_WARN_STRICT_PROTOTYPES = YES;
				CLANG_WARN_SUSPICIOUS_MOVE = YES;
				CLANG_WARN_UNGUARDED_AVAILABILITY = YES_AGGRESSIVE;
				CLANG_WARN_UNREACHABLE_CODE = YES;
				CLANG_WARN__DUPLICATE_METHOD_MATCH = YES;
				COPY_PHASE_STRIP = NO;
				DEBUG_INFORMATION_FORMAT = "dwarf-with-dsym";
				ENABLE_NS_ASSERTIONS = NO;
				ENABLE_STRICT_OBJC_MSGSEND = YES;
				GCC_C_LANGUAGE_STANDARD = gnu11;
				GCC_NO_COMMON_BLOCKS = YES;
				GCC_WARN_64_TO_32_BIT_CONVERSION = YES;
				GCC_WARN_ABOUT_RETURN_TYPE = YES_ERROR;
				GCC_WARN_UNDECLARED_SELECTOR = YES;
				GCC_WARN_UNINITIALIZED_AUTOS = YES_AGGRESSIVE;
				GCC_WARN_UNUSED_FUNCTION = YES;
				GCC_WARN_UNUSED_VARIABLE = YES;
				IPHONEOS_DEPLOYMENT_TARGET = 16.2;
				MTL_ENABLE_DEBUG_INFO = NO;
				MTL_FAST_MATH = YES;
				SDKROOT = iphoneos;
				SWIFT_COMPILATION_MODE = wholemodule;
				SWIFT_OPTIMIZATION_LEVEL = "-O";
				VALIDATE_PRODUCT = YES;
			};
			name = Release;
		};
		5F15892D29A6ABB1006540CC /* Debug */ = {
			isa = XCBuildConfiguration;
			buildSettings = {
				ASSETCATALOG_COMPILER_APPICON_NAME = AppIcon;
				ASSETCATALOG_COMPILER_GLOBAL_ACCENT_COLOR_NAME = AccentColor;
				CODE_SIGN_STYLE = Automatic;
				CURRENT_PROJECT_VERSION = 1;
				DEVELOPMENT_TEAM = 7B369WKZS6;
				GENERATE_INFOPLIST_FILE = YES;
				INFOPLIST_FILE = TodoListCleanSwift/Info.plist;
				INFOPLIST_KEY_UIApplicationSupportsIndirectInputEvents = YES;
				INFOPLIST_KEY_UILaunchStoryboardName = LaunchScreen;
				INFOPLIST_KEY_UIMainStoryboardFile = Main;
				INFOPLIST_KEY_UISupportedInterfaceOrientations_iPad = "UIInterfaceOrientationPortrait UIInterfaceOrientationPortraitUpsideDown UIInterfaceOrientationLandscapeLeft UIInterfaceOrientationLandscapeRight";
				INFOPLIST_KEY_UISupportedInterfaceOrientations_iPhone = "UIInterfaceOrientationPortrait UIInterfaceOrientationLandscapeLeft UIInterfaceOrientationLandscapeRight";
				LD_RUNPATH_SEARCH_PATHS = (
					"$(inherited)",
					"@executable_path/Frameworks",
				);
				MARKETING_VERSION = 1.0;
				PRODUCT_BUNDLE_IDENTIFIER = com.DenisIvanov.TodoListCleanSwift;
				PRODUCT_NAME = "$(TARGET_NAME)";
				SWIFT_EMIT_LOC_STRINGS = YES;
				SWIFT_VERSION = 5.0;
				TARGETED_DEVICE_FAMILY = "1,2";
			};
			name = Debug;
		};
		5F15892E29A6ABB1006540CC /* Release */ = {
			isa = XCBuildConfiguration;
			buildSettings = {
				ASSETCATALOG_COMPILER_APPICON_NAME = AppIcon;
				ASSETCATALOG_COMPILER_GLOBAL_ACCENT_COLOR_NAME = AccentColor;
				CODE_SIGN_STYLE = Automatic;
				CURRENT_PROJECT_VERSION = 1;
				DEVELOPMENT_TEAM = 7B369WKZS6;
				GENERATE_INFOPLIST_FILE = YES;
				INFOPLIST_FILE = TodoListCleanSwift/Info.plist;
				INFOPLIST_KEY_UIApplicationSupportsIndirectInputEvents = YES;
				INFOPLIST_KEY_UILaunchStoryboardName = LaunchScreen;
				INFOPLIST_KEY_UIMainStoryboardFile = Main;
				INFOPLIST_KEY_UISupportedInterfaceOrientations_iPad = "UIInterfaceOrientationPortrait UIInterfaceOrientationPortraitUpsideDown UIInterfaceOrientationLandscapeLeft UIInterfaceOrientationLandscapeRight";
				INFOPLIST_KEY_UISupportedInterfaceOrientations_iPhone = "UIInterfaceOrientationPortrait UIInterfaceOrientationLandscapeLeft UIInterfaceOrientationLandscapeRight";
				LD_RUNPATH_SEARCH_PATHS = (
					"$(inherited)",
					"@executable_path/Frameworks",
				);
				MARKETING_VERSION = 1.0;
				PRODUCT_BUNDLE_IDENTIFIER = com.DenisIvanov.TodoListCleanSwift;
				PRODUCT_NAME = "$(TARGET_NAME)";
				SWIFT_EMIT_LOC_STRINGS = YES;
				SWIFT_VERSION = 5.0;
				TARGETED_DEVICE_FAMILY = "1,2";
			};
			name = Release;
		};
/* End XCBuildConfiguration section */

/* Begin XCConfigurationList section */
		5F15891329A6ABAF006540CC /* Build configuration list for PBXProject "TodoListCleanSwift" */ = {
			isa = XCConfigurationList;
			buildConfigurations = (
				5F15892A29A6ABB1006540CC /* Debug */,
				5F15892B29A6ABB1006540CC /* Release */,
			);
			defaultConfigurationIsVisible = 0;
			defaultConfigurationName = Release;
		};
		5F15892C29A6ABB1006540CC /* Build configuration list for PBXNativeTarget "TodoListCleanSwift" */ = {
			isa = XCConfigurationList;
			buildConfigurations = (
				5F15892D29A6ABB1006540CC /* Debug */,
				5F15892E29A6ABB1006540CC /* Release */,
			);
			defaultConfigurationIsVisible = 0;
			defaultConfigurationName = Release;
		};
/* End XCConfigurationList section */
	};
	rootObject = 5F15891029A6ABAF006540CC /* Project object */;
}
